
Microsoft Visual Studio Solution File, Format Version 12.00
# Visual Studio Version 17
VisualStudioVersion = 17.9.34616.47
MinimumVisualStudioVersion = 10.0.40219.1
Project("{FAE04EC0-301F-11D3-BF4B-00C04F79EFBC}") = "WeavingWritingClass", "WeavingWritingClass\WeavingWritingClass.csproj", "{3CC6A2F2-3361-4049-B8B4-50B65983A89D}"
EndProject
Global
	GlobalSection(SolutionConfigurationPlatforms) = preSolution
		Debug|Any CPU = Debug|Any CPU
		Release|Any CPU = Release|Any CPU
	EndGlobalSection
	GlobalSection(ProjectConfigurationPlatforms) = postSolution
		{3CC6A2F2-3361-4049-B8B4-50B65983A89D}.Debug|Any CPU.ActiveCfg = Debug|Any CPU
		{3CC6A2F2-3361-4049-B8B4-50B65983A89D}.Debug|Any CPU.Build.0 = Debug|Any CPU
		{3CC6A2F2-3361-4049-B8B4-50B65983A89D}.Release|Any CPU.ActiveCfg = Release|Any CPU
		{3CC6A2F2-3361-4049-B8B4-50B65983A89D}.Release|Any CPU.Build.0 = Release|Any CPU
	EndGlobalSection
	GlobalSection(SolutionProperties) = preSolution
		HideSolutionNode = FALSE
	EndGlobalSection
	GlobalSection(ExtensibilityGlobals) = postSolution
		SolutionGuid = {5BC92280-D163-4EC5-A667-A70015D16FC9}
	EndGlobalSection
EndGlobal
